
Microsoft Visual Studio Solution File, Format Version 12.00
# Visual Studio 15
VisualStudioVersion = 15.0.28307.1433
MinimumVisualStudioVersion = 10.0.40219.1
Project("{FAE04EC0-301F-11D3-BF4B-00C04F79EFBC}") = "Practice4-11-2021", "Practice4-11-2021\Practice4-11-2021.csproj", "{7262E21D-FC31-4158-A8FF-6DD09C6376CA}"
EndProject
Global
	GlobalSection(SolutionConfigurationPlatforms) = preSolution
		Debug|Any CPU = Debug|Any CPU
		Release|Any CPU = Release|Any CPU
	EndGlobalSection
	GlobalSection(ProjectConfigurationPlatforms) = postSolution
		{7262E21D-FC31-4158-A8FF-6DD09C6376CA}.Debug|Any CPU.ActiveCfg = Debug|Any CPU
		{7262E21D-FC31-4158-A8FF-6DD09C6376CA}.Debug|Any CPU.Build.0 = Debug|Any CPU
		{7262E21D-FC31-4158-A8FF-6DD09C6376CA}.Release|Any CPU.ActiveCfg = Release|Any CPU
		{7262E21D-FC31-4158-A8FF-6DD09C6376CA}.Release|Any CPU.Build.0 = Release|Any CPU
	EndGlobalSection
	GlobalSection(SolutionProperties) = preSolution
		HideSolutionNode = FALSE
	EndGlobalSection
	GlobalSection(ExtensibilityGlobals) = postSolution
		SolutionGuid = {51D51B10-434F-4681-87D8-033022756842}
	EndGlobalSection
EndGlobal
